
Microsoft Visual Studio Solution File, Format Version 12.00
# Visual Studio Version 17
VisualStudioVersion = 17.8.34330.188
MinimumVisualStudioVersion = 10.0.40219.1
Project("{FAE04EC0-301F-11D3-BF4B-00C04F79EFBC}") = "AdventOfCode23", "AdventOfCode23\AdventOfCode23.csproj", "{A1ABB778-BFD8-4975-A5B5-A356D9A17B8A}"
EndProject
Global
	GlobalSection(SolutionConfigurationPlatforms) = preSolution
		Debug|Any CPU = Debug|Any CPU
		Release|Any CPU = Release|Any CPU
	EndGlobalSection
	GlobalSection(ProjectConfigurationPlatforms) = postSolution
		{A1ABB778-BFD8-4975-A5B5-A356D9A17B8A}.Debug|Any CPU.ActiveCfg = Debug|Any CPU
		{A1ABB778-BFD8-4975-A5B5-A356D9A17B8A}.Debug|Any CPU.Build.0 = Debug|Any CPU
		{A1ABB778-BFD8-4975-A5B5-A356D9A17B8A}.Release|Any CPU.ActiveCfg = Release|Any CPU
		{A1ABB778-BFD8-4975-A5B5-A356D9A17B8A}.Release|Any CPU.Build.0 = Release|Any CPU
	EndGlobalSection
	GlobalSection(SolutionProperties) = preSolution
		HideSolutionNode = FALSE
	EndGlobalSection
	GlobalSection(ExtensibilityGlobals) = postSolution
		SolutionGuid = {16E7B09E-27F2-4BAA-8E27-974E4125AE35}
	EndGlobalSection
EndGlobal
